{
  "object": {
    "pins": [
      {
        "package": "GRDB",
        "repositoryURL": "https://github.com/groue/GRDB.swift.git",
        "state": {
          "branch": null,
          "revision": "31e2b01c10243399882eaf8cc6b5c974af93d21e",
          "version": "5.7.4"
        }
      },
      {
        "package": "KeychainSwift",
        "repositoryURL": "https://github.com/evgenyneu/keychain-swift.git",
        "state": {
          "branch": null,
          "revision": "96fb84f45a96630e7583903bd7e08cf095c7a7ef",
          "version": "19.0.0"
        }
      },
      {
        "package": "PureLayout",
        "repositoryURL": "https://github.com/PureLayout/PureLayout",
        "state": {
          "branch": null,
          "revision": "6fd4f2f875157d29d5ef00fbaaac149d91df5dcc",
          "version": "3.1.7"
        }
      },
      {
        "package": "SDWebImage",
        "repositoryURL": "https://github.com/SDWebImage/SDWebImage",
        "state": {
          "branch": null,
          "revision": "a6b6e44eadf0d39250c10a7cc0e3b91d0bdb0e94",
          "version": "5.10.4"
        }
      }
    ]
  },
  "version": 1
}
